
Microsoft Visual Studio Solution File, Format Version 12.00
# Visual Studio Version 17
VisualStudioVersion = 17.7.34031.279
MinimumVisualStudioVersion = 10.0.40219.1
Project("{FAE04EC0-301F-11D3-BF4B-00C04F79EFBC}") = "Zadanie4", "Zadanie4\Zadanie4.csproj", "{4E5506D3-FCC2-4B6F-B786-FDD1A82FE47C}"
EndProject
Global
	GlobalSection(SolutionConfigurationPlatforms) = preSolution
		Debug|Any CPU = Debug|Any CPU
		Release|Any CPU = Release|Any CPU
	EndGlobalSection
	GlobalSection(ProjectConfigurationPlatforms) = postSolution
		{4E5506D3-FCC2-4B6F-B786-FDD1A82FE47C}.Debug|Any CPU.ActiveCfg = Debug|Any CPU
		{4E5506D3-FCC2-4B6F-B786-FDD1A82FE47C}.Debug|Any CPU.Build.0 = Debug|Any CPU
		{4E5506D3-FCC2-4B6F-B786-FDD1A82FE47C}.Release|Any CPU.ActiveCfg = Release|Any CPU
		{4E5506D3-FCC2-4B6F-B786-FDD1A82FE47C}.Release|Any CPU.Build.0 = Release|Any CPU
	EndGlobalSection
	GlobalSection(SolutionProperties) = preSolution
		HideSolutionNode = FALSE
	EndGlobalSection
	GlobalSection(ExtensibilityGlobals) = postSolution
		SolutionGuid = {3AB70D5A-3449-4D6C-BF45-2833ED417A41}
	EndGlobalSection
EndGlobal
