
Microsoft Visual Studio Solution File, Format Version 12.00
# Visual Studio Version 17
VisualStudioVersion = 17.7.34031.279
MinimumVisualStudioVersion = 10.0.40219.1
Project("{FAE04EC0-301F-11D3-BF4B-00C04F79EFBC}") = "Zadanie3", "Zadanie3\Zadanie3.csproj", "{30DE4E57-C897-4E49-A381-13167109CB31}"
EndProject
Global
	GlobalSection(SolutionConfigurationPlatforms) = preSolution
		Debug|Any CPU = Debug|Any CPU
		Release|Any CPU = Release|Any CPU
	EndGlobalSection
	GlobalSection(ProjectConfigurationPlatforms) = postSolution
		{30DE4E57-C897-4E49-A381-13167109CB31}.Debug|Any CPU.ActiveCfg = Debug|Any CPU
		{30DE4E57-C897-4E49-A381-13167109CB31}.Debug|Any CPU.Build.0 = Debug|Any CPU
		{30DE4E57-C897-4E49-A381-13167109CB31}.Release|Any CPU.ActiveCfg = Release|Any CPU
		{30DE4E57-C897-4E49-A381-13167109CB31}.Release|Any CPU.Build.0 = Release|Any CPU
	EndGlobalSection
	GlobalSection(SolutionProperties) = preSolution
		HideSolutionNode = FALSE
	EndGlobalSection
	GlobalSection(ExtensibilityGlobals) = postSolution
		SolutionGuid = {B374DA2F-7885-4E66-B9D0-0E06DB67A2B2}
	EndGlobalSection
EndGlobal
